{
  "name": "saf-baseline-ingestion",
  "version": "1.0.0",
  "lockfileVersion": 1,
  "requires": true,
  "dependencies": {
    "csv-parse": {
      "version": "4.11.1",
      "resolved": "https://registry.npmjs.org/csv-parse/-/csv-parse-4.11.1.tgz",
      "integrity": "sha512-cH2BG5Gd0u4G8qVI/jGXJSP2+El7Vy91/ZD3ehKALAWids1aIKOPhZ1ZVJzUrs2zTn6aGumVPBlbHsI91kI83A=="
    },
    "inspecjs": {
      "version": "0.12.1",
      "resolved": "https://registry.npmjs.org/inspecjs/-/inspecjs-0.12.1.tgz",
      "integrity": "sha512-n69hfv20cMo3+bhSSOehAplROKtCfU57jpuBSc4evVWz2GCSrmNHrewgNkJtbmxUQdJUu0ZwdZwOn8WdJmHcdQ=="
    }
  }
}
